{
  "name": "haechi",
  "version": "1.3.1",
  "lockfileVersion": 3,
  "requires": true,
  "packages": {
    "": {
      "name": "haechi",
      "version": "1.3.1",
      "license": "Apache-2.0",
      "workspaces": [
        ".",
        "satellites/*"
      ],
      "bin": {
        "haechi": "packages/cli/bin/haechi.mjs"
      },
      "devDependencies": {
        "@types/node": "^22.19.20",
        "typescript": "^5.7.3"
      },
      "engines": {
        "node": ">=22"
      }
    },
    "node_modules/@types/node": {
      "version": "22.19.20",
      "resolved": "https://registry.npmjs.org/@types/node/-/node-22.19.20.tgz",
      "integrity": "sha512-6tELRwSDYWW9EdZhbeZmYGZ1/7Djkt+Ah3/ScEYT9cDord7UJzasR/4D3VONg9tQI5CDp+/CZC1AXj2pCFOvpw==",
      "dev": true,
      "license": "MIT",
      "dependencies": {
        "undici-types": "~6.21.0"
      }
    },
    "node_modules/haechi": {
      "resolved": "",
      "link": true
    },
    "node_modules/haechi-auth-jwt": {
      "resolved": "satellites/auth-jwt",
      "link": true
    },
    "node_modules/haechi-auth-oidc": {
      "resolved": "satellites/auth-oidc",
      "link": true
    },
    "node_modules/haechi-crypto-kms": {
      "resolved": "satellites/crypto-kms",
      "link": true
    },
    "node_modules/haechi-dashboard": {
      "resolved": "satellites/dashboard",
      "link": true
    },
    "node_modules/haechi-ratelimit-redis": {
      "resolved": "satellites/ratelimit-redis",
      "link": true
    },
    "node_modules/typescript": {
      "version": "5.7.3",
      "resolved": "https://registry.npmjs.org/typescript/-/typescript-5.7.3.tgz",
      "integrity": "sha512-84MVSjMEHP+FQRPy3pX9sTVV/INIex71s9TL2Gm5FG/WG1SqXeKyZ0k7/blY/4FdOzI12CBy1vGc4og/eus0fw==",
      "dev": true,
      "license": "Apache-2.0",
      "bin": {
        "tsc": "bin/tsc",
        "tsserver": "bin/tsserver"
      },
      "engines": {
        "node": ">=14.17"
      }
    },
    "node_modules/undici-types": {
      "version": "6.21.0",
      "resolved": "https://registry.npmjs.org/undici-types/-/undici-types-6.21.0.tgz",
      "integrity": "sha512-iwDZqg0QAGrg9Rav5H4n0M64c3mkR59cJ6wQp+7C4nI0gsmExaedaYLNO44eT4AtBBwjbTiGPMlt2Md0T9H9JQ==",
      "dev": true,
      "license": "MIT"
    },
    "satellites/auth-jwt": {
      "name": "haechi-auth-jwt",
      "version": "0.2.1",
      "license": "Apache-2.0",
      "devDependencies": {
        "haechi": "*"
      },
      "engines": {
        "node": ">=22"
      },
      "peerDependencies": {
        "haechi": ">=0.8.0 <2.0.0"
      }
    },
    "satellites/auth-oidc": {
      "name": "haechi-auth-oidc",
      "version": "0.1.2",
      "license": "Apache-2.0",
      "devDependencies": {
        "haechi": "*",
        "haechi-auth-jwt": "*"
      },
      "engines": {
        "node": ">=22"
      },
      "peerDependencies": {
        "haechi": ">=0.8.0 <2.0.0",
        "haechi-auth-jwt": ">=0.2.0 <2.0.0"
      }
    },
    "satellites/crypto-kms": {
      "name": "haechi-crypto-kms",
      "version": "0.2.1",
      "license": "Apache-2.0",
      "devDependencies": {
        "haechi": "*",
        "haechi-auth-jwt": "*"
      },
      "engines": {
        "node": ">=22"
      },
      "peerDependencies": {
        "@aws-sdk/client-kms": "^3",
        "@azure/identity": "^4",
        "@azure/keyvault-keys": "^4",
        "@google-cloud/kms": "^4 || ^5",
        "haechi": ">=0.8.0 <2.0.0"
      },
      "peerDependenciesMeta": {
        "@aws-sdk/client-kms": {
          "optional": true
        },
        "@azure/identity": {
          "optional": true
        },
        "@azure/keyvault-keys": {
          "optional": true
        },
        "@google-cloud/kms": {
          "optional": true
        }
      }
    },
    "satellites/dashboard": {
      "name": "haechi-dashboard",
      "version": "0.2.0",
      "license": "Apache-2.0",
      "bin": {
        "haechi-dashboard": "bin/haechi-dashboard.mjs"
      },
      "devDependencies": {
        "haechi": "*"
      },
      "engines": {
        "node": ">=22"
      },
      "peerDependencies": {
        "haechi": ">=0.8.0 <2.0.0"
      }
    },
    "satellites/ratelimit-redis": {
      "name": "haechi-ratelimit-redis",
      "version": "0.1.0",
      "license": "Apache-2.0",
      "devDependencies": {
        "haechi": "*"
      },
      "engines": {
        "node": ">=22"
      },
      "peerDependencies": {
        "haechi": ">=0.8.0 <2.0.0",
        "redis": "^4 || ^5"
      },
      "peerDependenciesMeta": {
        "redis": {
          "optional": true
        }
      }
    }
  }
}
