{
  "name": "haechi",
  "version": "0.3.2",
  "lockfileVersion": 3,
  "requires": true,
  "packages": {
    "": {
      "name": "haechi",
      "version": "0.3.2",
      "license": "Apache-2.0",
      "bin": {
        "haechi": "packages/cli/bin/haechi.mjs"
      },
      "engines": {
        "node": ">=22"
      }
    }
  }
}
